
Microsoft Visual Studio Solution File, Format Version 12.00
# Visual Studio 14
VisualStudioVersion = 14.0.25420.1
MinimumVisualStudioVersion = 10.0.40219.1
Project("{FAE04EC0-301F-11D3-BF4B-00C04F79EFBC}") = "TTOS0200", "TTOS0200\TTOS0200.csproj", "{F03711BD-DCB5-4BE0-8AA2-DD43254D7A9E}"
EndProject
Project("{FAE04EC0-301F-11D3-BF4B-00C04F79EFBC}") = "assignments", "assignments\assignments.csproj", "{561F81D4-CF06-4F58-8294-AB56163F5672}"
EndProject
Project("{FAE04EC0-301F-11D3-BF4B-00C04F79EFBC}") = "Homework", "Homework\Homework.csproj", "{F97BDF78-03C9-45A0-8CD1-91FFC01D4377}"
EndProject
Project("{FAE04EC0-301F-11D3-BF4B-00C04F79EFBC}") = "Homework3.5", "Homework3.5\Homework3.5.csproj", "{47A4911B-2E6A-4B37-B2FD-7289ACE52A38}"
EndProject
Project("{FAE04EC0-301F-11D3-BF4B-00C04F79EFBC}") = "Homework4-1", "Homework4-1\Homework4-1.csproj", "{517A6A28-53A9-423F-93B7-3D705EF5F0D8}"
EndProject
Project("{FAE04EC0-301F-11D3-BF4B-00C04F79EFBC}") = "Homework4-2", "Homework4-2\Homework4-2.csproj", "{A4D7BF87-B82C-4395-8659-0238AB61F5F6}"
EndProject
Project("{FAE04EC0-301F-11D3-BF4B-00C04F79EFBC}") = "Homework4-3", "Homework4-3\Homework4-3.csproj", "{671F4A75-1E89-4E74-AFB9-F6FE8F56D1CB}"
EndProject
Global
	GlobalSection(SolutionConfigurationPlatforms) = preSolution
		Debug|Any CPU = Debug|Any CPU
		Release|Any CPU = Release|Any CPU
	EndGlobalSection
	GlobalSection(ProjectConfigurationPlatforms) = postSolution
		{F03711BD-DCB5-4BE0-8AA2-DD43254D7A9E}.Debug|Any CPU.ActiveCfg = Debug|Any CPU
		{F03711BD-DCB5-4BE0-8AA2-DD43254D7A9E}.Debug|Any CPU.Build.0 = Debug|Any CPU
		{F03711BD-DCB5-4BE0-8AA2-DD43254D7A9E}.Release|Any CPU.ActiveCfg = Release|Any CPU
		{F03711BD-DCB5-4BE0-8AA2-DD43254D7A9E}.Release|Any CPU.Build.0 = Release|Any CPU
		{561F81D4-CF06-4F58-8294-AB56163F5672}.Debug|Any CPU.ActiveCfg = Debug|Any CPU
		{561F81D4-CF06-4F58-8294-AB56163F5672}.Debug|Any CPU.Build.0 = Debug|Any CPU
		{561F81D4-CF06-4F58-8294-AB56163F5672}.Release|Any CPU.ActiveCfg = Release|Any CPU
		{561F81D4-CF06-4F58-8294-AB56163F5672}.Release|Any CPU.Build.0 = Release|Any CPU
		{F97BDF78-03C9-45A0-8CD1-91FFC01D4377}.Debug|Any CPU.ActiveCfg = Debug|Any CPU
		{F97BDF78-03C9-45A0-8CD1-91FFC01D4377}.Debug|Any CPU.Build.0 = Debug|Any CPU
		{F97BDF78-03C9-45A0-8CD1-91FFC01D4377}.Release|Any CPU.ActiveCfg = Release|Any CPU
		{F97BDF78-03C9-45A0-8CD1-91FFC01D4377}.Release|Any CPU.Build.0 = Release|Any CPU
		{47A4911B-2E6A-4B37-B2FD-7289ACE52A38}.Debug|Any CPU.ActiveCfg = Debug|Any CPU
		{47A4911B-2E6A-4B37-B2FD-7289ACE52A38}.Debug|Any CPU.Build.0 = Debug|Any CPU
		{47A4911B-2E6A-4B37-B2FD-7289ACE52A38}.Release|Any CPU.ActiveCfg = Release|Any CPU
		{47A4911B-2E6A-4B37-B2FD-7289ACE52A38}.Release|Any CPU.Build.0 = Release|Any CPU
		{517A6A28-53A9-423F-93B7-3D705EF5F0D8}.Debug|Any CPU.ActiveCfg = Debug|Any CPU
		{517A6A28-53A9-423F-93B7-3D705EF5F0D8}.Debug|Any CPU.Build.0 = Debug|Any CPU
		{517A6A28-53A9-423F-93B7-3D705EF5F0D8}.Release|Any CPU.ActiveCfg = Release|Any CPU
		{517A6A28-53A9-423F-93B7-3D705EF5F0D8}.Release|Any CPU.Build.0 = Release|Any CPU
		{A4D7BF87-B82C-4395-8659-0238AB61F5F6}.Debug|Any CPU.ActiveCfg = Debug|Any CPU
		{A4D7BF87-B82C-4395-8659-0238AB61F5F6}.Debug|Any CPU.Build.0 = Debug|Any CPU
		{A4D7BF87-B82C-4395-8659-0238AB61F5F6}.Release|Any CPU.ActiveCfg = Release|Any CPU
		{A4D7BF87-B82C-4395-8659-0238AB61F5F6}.Release|Any CPU.Build.0 = Release|Any CPU
		{671F4A75-1E89-4E74-AFB9-F6FE8F56D1CB}.Debug|Any CPU.ActiveCfg = Debug|Any CPU
		{671F4A75-1E89-4E74-AFB9-F6FE8F56D1CB}.Debug|Any CPU.Build.0 = Debug|Any CPU
		{671F4A75-1E89-4E74-AFB9-F6FE8F56D1CB}.Release|Any CPU.ActiveCfg = Release|Any CPU
		{671F4A75-1E89-4E74-AFB9-F6FE8F56D1CB}.Release|Any CPU.Build.0 = Release|Any CPU
	EndGlobalSection
	GlobalSection(SolutionProperties) = preSolution
		HideSolutionNode = FALSE
	EndGlobalSection
EndGlobal
